{
  "name": "felices42",
  "version": "1.0.0",
  "lockfileVersion": 1,
  "requires": true,
  "dependencies": {
    "chromotome": {
      "version": "1.17.1",
      "resolved": "https://registry.npmjs.org/chromotome/-/chromotome-1.17.1.tgz",
      "integrity": "sha512-UPbBtEtPUbbsGb2rcTt8K7NMrOnxmsuAgZhGhTgPWXIEUAYy1Zyo35A3iZJByVzIzhonApK7RKA0qqxz0eOLuQ=="
    },
    "tone": {
      "version": "13.8.25",
      "resolved": "https://registry.npmjs.org/tone/-/tone-13.8.25.tgz",
      "integrity": "sha512-8QqmLn+/R+Urib/78zf93+NqFLddXS777kQO7+EbJHwqy+nmug+SJFRp2KIytT0LQY2sJBiopNb2ceHA8uQQJg=="
    }
  }
}
